
Microsoft Visual Studio Solution File, Format Version 11.00
# Visual Studio 2010
Project("{8BC9CEB8-8B4A-11D0-8D11-00A0C91BC942}") = "lzw_result", "lzw_result\lzw_result.vcxproj", "{53BBD068-6652-4945-806F-0ECAA8FDF9CD}"
EndProject
Global
	GlobalSection(SolutionConfigurationPlatforms) = preSolution
		Debug|Win32 = Debug|Win32
		Release|Win32 = Release|Win32
	EndGlobalSection
	GlobalSection(ProjectConfigurationPlatforms) = postSolution
		{53BBD068-6652-4945-806F-0ECAA8FDF9CD}.Debug|Win32.ActiveCfg = Debug|Win32
		{53BBD068-6652-4945-806F-0ECAA8FDF9CD}.Debug|Win32.Build.0 = Debug|Win32
		{53BBD068-6652-4945-806F-0ECAA8FDF9CD}.Release|Win32.ActiveCfg = Release|Win32
		{53BBD068-6652-4945-806F-0ECAA8FDF9CD}.Release|Win32.Build.0 = Release|Win32
	EndGlobalSection
	GlobalSection(SolutionProperties) = preSolution
		HideSolutionNode = FALSE
	EndGlobalSection
EndGlobal
